
Microsoft Visual Studio Solution File, Format Version 12.00
# Visual Studio 15
VisualStudioVersion = 15.0.28307.572
MinimumVisualStudioVersion = 10.0.40219.1
Project("{FAE04EC0-301F-11D3-BF4B-00C04F79EFBC}") = "PhoneWord.Android", "PhoneWord\PhoneWord.Android\PhoneWord.Android.csproj", "{C3226777-75FC-4418-A92D-4AC561B3F2AB}"
EndProject
Project("{FAE04EC0-301F-11D3-BF4B-00C04F79EFBC}") = "PhoneWord.iOS", "PhoneWord\PhoneWord.iOS\PhoneWord.iOS.csproj", "{5EEFB424-9A79-46B3-B583-541EFCD7CD3C}"
EndProject
Project("{FAE04EC0-301F-11D3-BF4B-00C04F79EFBC}") = "PhoneWord", "PhoneWord\PhoneWord\PhoneWord.csproj", "{2D12925F-D6B0-4806-B1DB-E3A571FD7117}"
EndProject
Global
	GlobalSection(SolutionConfigurationPlatforms) = preSolution
		Ad-Hoc|Any CPU = Ad-Hoc|Any CPU
		Ad-Hoc|iPhone = Ad-Hoc|iPhone
		Ad-Hoc|iPhoneSimulator = Ad-Hoc|iPhoneSimulator
		AppStore|Any CPU = AppStore|Any CPU
		AppStore|iPhone = AppStore|iPhone
		AppStore|iPhoneSimulator = AppStore|iPhoneSimulator
		Debug|Any CPU = Debug|Any CPU
		Debug|iPhone = Debug|iPhone
		Debug|iPhoneSimulator = Debug|iPhoneSimulator
		Release|Any CPU = Release|Any CPU
		Release|iPhone = Release|iPhone
		Release|iPhoneSimulator = Release|iPhoneSimulator
	EndGlobalSection
	GlobalSection(ProjectConfigurationPlatforms) = postSolution
		{C3226777-75FC-4418-A92D-4AC561B3F2AB}.Ad-Hoc|Any CPU.ActiveCfg = Release|Any CPU
		{C3226777-75FC-4418-A92D-4AC561B3F2AB}.Ad-Hoc|Any CPU.Build.0 = Release|Any CPU
		{C3226777-75FC-4418-A92D-4AC561B3F2AB}.Ad-Hoc|Any CPU.Deploy.0 = Release|Any CPU
		{C3226777-75FC-4418-A92D-4AC561B3F2AB}.Ad-Hoc|iPhone.ActiveCfg = Release|Any CPU
		{C3226777-75FC-4418-A92D-4AC561B3F2AB}.Ad-Hoc|iPhone.Build.0 = Release|Any CPU
		{C3226777-75FC-4418-A92D-4AC561B3F2AB}.Ad-Hoc|iPhone.Deploy.0 = Release|Any CPU
		{C3226777-75FC-4418-A92D-4AC561B3F2AB}.Ad-Hoc|iPhoneSimulator.ActiveCfg = Release|Any CPU
		{C3226777-75FC-4418-A92D-4AC561B3F2AB}.Ad-Hoc|iPhoneSimulator.Build.0 = Release|Any CPU
		{C3226777-75FC-4418-A92D-4AC561B3F2AB}.Ad-Hoc|iPhoneSimulator.Deploy.0 = Release|Any CPU
		{C3226777-75FC-4418-A92D-4AC561B3F2AB}.AppStore|Any CPU.ActiveCfg = Release|Any CPU
		{C3226777-75FC-4418-A92D-4AC561B3F2AB}.AppStore|Any CPU.Build.0 = Release|Any CPU
		{C3226777-75FC-4418-A92D-4AC561B3F2AB}.AppStore|Any CPU.Deploy.0 = Release|Any CPU
		{C3226777-75FC-4418-A92D-4AC561B3F2AB}.AppStore|iPhone.ActiveCfg = Release|Any CPU
		{C3226777-75FC-4418-A92D-4AC561B3F2AB}.AppStore|iPhone.Build.0 = Release|Any CPU
		{C3226777-75FC-4418-A92D-4AC561B3F2AB}.AppStore|iPhone.Deploy.0 = Release|Any CPU
		{C3226777-75FC-4418-A92D-4AC561B3F2AB}.AppStore|iPhoneSimulator.ActiveCfg = Release|Any CPU
		{C3226777-75FC-4418-A92D-4AC561B3F2AB}.AppStore|iPhoneSimulator.Build.0 = Release|Any CPU
		{C3226777-75FC-4418-A92D-4AC561B3F2AB}.AppStore|iPhoneSimulator.Deploy.0 = Release|Any CPU
		{C3226777-75FC-4418-A92D-4AC561B3F2AB}.Debug|Any CPU.ActiveCfg = Debug|Any CPU
		{C3226777-75FC-4418-A92D-4AC561B3F2AB}.Debug|Any CPU.Build.0 = Debug|Any CPU
		{C3226777-75FC-4418-A92D-4AC561B3F2AB}.Debug|Any CPU.Deploy.0 = Debug|Any CPU
		{C3226777-75FC-4418-A92D-4AC561B3F2AB}.Debug|iPhone.ActiveCfg = Debug|Any CPU
		{C3226777-75FC-4418-A92D-4AC561B3F2AB}.Debug|iPhone.Build.0 = Debug|Any CPU
		{C3226777-75FC-4418-A92D-4AC561B3F2AB}.Debug|iPhone.Deploy.0 = Debug|Any CPU
		{C3226777-75FC-4418-A92D-4AC561B3F2AB}.Debug|iPhoneSimulator.ActiveCfg = Debug|Any CPU
		{C3226777-75FC-4418-A92D-4AC561B3F2AB}.Debug|iPhoneSimulator.Build.0 = Debug|Any CPU
		{C3226777-75FC-4418-A92D-4AC561B3F2AB}.Debug|iPhoneSimulator.Deploy.0 = Debug|Any CPU
		{C3226777-75FC-4418-A92D-4AC561B3F2AB}.Release|Any CPU.ActiveCfg = Release|Any CPU
		{C3226777-75FC-4418-A92D-4AC561B3F2AB}.Release|Any CPU.Build.0 = Release|Any CPU
		{C3226777-75FC-4418-A92D-4AC561B3F2AB}.Release|Any CPU.Deploy.0 = Release|Any CPU
		{C3226777-75FC-4418-A92D-4AC561B3F2AB}.Release|iPhone.ActiveCfg = Release|Any CPU
		{C3226777-75FC-4418-A92D-4AC561B3F2AB}.Release|iPhone.Build.0 = Release|Any CPU
		{C3226777-75FC-4418-A92D-4AC561B3F2AB}.Release|iPhone.Deploy.0 = Release|Any CPU
		{C3226777-75FC-4418-A92D-4AC561B3F2AB}.Release|iPhoneSimulator.ActiveCfg = Release|Any CPU
		{C3226777-75FC-4418-A92D-4AC561B3F2AB}.Release|iPhoneSimulator.Build.0 = Release|Any CPU
		{C3226777-75FC-4418-A92D-4AC561B3F2AB}.Release|iPhoneSimulator.Deploy.0 = Release|Any CPU
		{5EEFB424-9A79-46B3-B583-541EFCD7CD3C}.Ad-Hoc|Any CPU.ActiveCfg = Ad-Hoc|iPhone
		{5EEFB424-9A79-46B3-B583-541EFCD7CD3C}.Ad-Hoc|Any CPU.Build.0 = Ad-Hoc|iPhone
		{5EEFB424-9A79-46B3-B583-541EFCD7CD3C}.Ad-Hoc|Any CPU.Deploy.0 = Ad-Hoc|iPhone
		{5EEFB424-9A79-46B3-B583-541EFCD7CD3C}.Ad-Hoc|iPhone.ActiveCfg = Ad-Hoc|iPhone
		{5EEFB424-9A79-46B3-B583-541EFCD7CD3C}.Ad-Hoc|iPhone.Build.0 = Ad-Hoc|iPhone
		{5EEFB424-9A79-46B3-B583-541EFCD7CD3C}.Ad-Hoc|iPhone.Deploy.0 = Ad-Hoc|iPhone
		{5EEFB424-9A79-46B3-B583-541EFCD7CD3C}.Ad-Hoc|iPhoneSimulator.ActiveCfg = Ad-Hoc|iPhoneSimulator
		{5EEFB424-9A79-46B3-B583-541EFCD7CD3C}.Ad-Hoc|iPhoneSimulator.Build.0 = Ad-Hoc|iPhoneSimulator
		{5EEFB424-9A79-46B3-B583-541EFCD7CD3C}.Ad-Hoc|iPhoneSimulator.Deploy.0 = Ad-Hoc|iPhoneSimulator
		{5EEFB424-9A79-46B3-B583-541EFCD7CD3C}.AppStore|Any CPU.ActiveCfg = AppStore|iPhone
		{5EEFB424-9A79-46B3-B583-541EFCD7CD3C}.AppStore|Any CPU.Build.0 = AppStore|iPhone
		{5EEFB424-9A79-46B3-B583-541EFCD7CD3C}.AppStore|Any CPU.Deploy.0 = AppStore|iPhone
		{5EEFB424-9A79-46B3-B583-541EFCD7CD3C}.AppStore|iPhone.ActiveCfg = AppStore|iPhone
		{5EEFB424-9A79-46B3-B583-541EFCD7CD3C}.AppStore|iPhone.Build.0 = AppStore|iPhone
		{5EEFB424-9A79-46B3-B583-541EFCD7CD3C}.AppStore|iPhone.Deploy.0 = AppStore|iPhone
		{5EEFB424-9A79-46B3-B583-541EFCD7CD3C}.AppStore|iPhoneSimulator.ActiveCfg = AppStore|iPhoneSimulator
		{5EEFB424-9A79-46B3-B583-541EFCD7CD3C}.AppStore|iPhoneSimulator.Build.0 = AppStore|iPhoneSimulator
		{5EEFB424-9A79-46B3-B583-541EFCD7CD3C}.AppStore|iPhoneSimulator.Deploy.0 = AppStore|iPhoneSimulator
		{5EEFB424-9A79-46B3-B583-541EFCD7CD3C}.Debug|Any CPU.ActiveCfg = Debug|iPhoneSimulator
		{5EEFB424-9A79-46B3-B583-541EFCD7CD3C}.Debug|Any CPU.Build.0 = Debug|iPhoneSimulator
		{5EEFB424-9A79-46B3-B583-541EFCD7CD3C}.Debug|Any CPU.Deploy.0 = Debug|iPhoneSimulator
		{5EEFB424-9A79-46B3-B583-541EFCD7CD3C}.Debug|iPhone.ActiveCfg = Debug|iPhone
		{5EEFB424-9A79-46B3-B583-541EFCD7CD3C}.Debug|iPhone.Build.0 = Debug|iPhone
		{5EEFB424-9A79-46B3-B583-541EFCD7CD3C}.Debug|iPhone.Deploy.0 = Debug|iPhone
		{5EEFB424-9A79-46B3-B583-541EFCD7CD3C}.Debug|iPhoneSimulator.ActiveCfg = Debug|iPhoneSimulator
		{5EEFB424-9A79-46B3-B583-541EFCD7CD3C}.Debug|iPhoneSimulator.Build.0 = Debug|iPhoneSimulator
		{5EEFB424-9A79-46B3-B583-541EFCD7CD3C}.Debug|iPhoneSimulator.Deploy.0 = Debug|iPhoneSimulator
		{5EEFB424-9A79-46B3-B583-541EFCD7CD3C}.Release|Any CPU.ActiveCfg = Release|iPhone
		{5EEFB424-9A79-46B3-B583-541EFCD7CD3C}.Release|Any CPU.Build.0 = Release|iPhone
		{5EEFB424-9A79-46B3-B583-541EFCD7CD3C}.Release|Any CPU.Deploy.0 = Release|iPhone
		{5EEFB424-9A79-46B3-B583-541EFCD7CD3C}.Release|iPhone.ActiveCfg = Release|iPhone
		{5EEFB424-9A79-46B3-B583-541EFCD7CD3C}.Release|iPhone.Build.0 = Release|iPhone
		{5EEFB424-9A79-46B3-B583-541EFCD7CD3C}.Release|iPhone.Deploy.0 = Release|iPhone
		{5EEFB424-9A79-46B3-B583-541EFCD7CD3C}.Release|iPhoneSimulator.ActiveCfg = Release|iPhoneSimulator
		{5EEFB424-9A79-46B3-B583-541EFCD7CD3C}.Release|iPhoneSimulator.Build.0 = Release|iPhoneSimulator
		{5EEFB424-9A79-46B3-B583-541EFCD7CD3C}.Release|iPhoneSimulator.Deploy.0 = Release|iPhoneSimulator
		{2D12925F-D6B0-4806-B1DB-E3A571FD7117}.Ad-Hoc|Any CPU.ActiveCfg = Debug|Any CPU
		{2D12925F-D6B0-4806-B1DB-E3A571FD7117}.Ad-Hoc|Any CPU.Build.0 = Debug|Any CPU
		{2D12925F-D6B0-4806-B1DB-E3A571FD7117}.Ad-Hoc|Any CPU.Deploy.0 = Debug|Any CPU
		{2D12925F-D6B0-4806-B1DB-E3A571FD7117}.Ad-Hoc|iPhone.ActiveCfg = Debug|Any CPU
		{2D12925F-D6B0-4806-B1DB-E3A571FD7117}.Ad-Hoc|iPhone.Build.0 = Debug|Any CPU
		{2D12925F-D6B0-4806-B1DB-E3A571FD7117}.Ad-Hoc|iPhone.Deploy.0 = Debug|Any CPU
		{2D12925F-D6B0-4806-B1DB-E3A571FD7117}.Ad-Hoc|iPhoneSimulator.ActiveCfg = Debug|Any CPU
		{2D12925F-D6B0-4806-B1DB-E3A571FD7117}.Ad-Hoc|iPhoneSimulator.Build.0 = Debug|Any CPU
		{2D12925F-D6B0-4806-B1DB-E3A571FD7117}.Ad-Hoc|iPhoneSimulator.Deploy.0 = Debug|Any CPU
		{2D12925F-D6B0-4806-B1DB-E3A571FD7117}.AppStore|Any CPU.ActiveCfg = Debug|Any CPU
		{2D12925F-D6B0-4806-B1DB-E3A571FD7117}.AppStore|Any CPU.Build.0 = Debug|Any CPU
		{2D12925F-D6B0-4806-B1DB-E3A571FD7117}.AppStore|Any CPU.Deploy.0 = Debug|Any CPU
		{2D12925F-D6B0-4806-B1DB-E3A571FD7117}.AppStore|iPhone.ActiveCfg = Debug|Any CPU
		{2D12925F-D6B0-4806-B1DB-E3A571FD7117}.AppStore|iPhone.Build.0 = Debug|Any CPU
		{2D12925F-D6B0-4806-B1DB-E3A571FD7117}.AppStore|iPhone.Deploy.0 = Debug|Any CPU
		{2D12925F-D6B0-4806-B1DB-E3A571FD7117}.AppStore|iPhoneSimulator.ActiveCfg = Debug|Any CPU
		{2D12925F-D6B0-4806-B1DB-E3A571FD7117}.AppStore|iPhoneSimulator.Build.0 = Debug|Any CPU
		{2D12925F-D6B0-4806-B1DB-E3A571FD7117}.AppStore|iPhoneSimulator.Deploy.0 = Debug|Any CPU
		{2D12925F-D6B0-4806-B1DB-E3A571FD7117}.Debug|Any CPU.ActiveCfg = Debug|Any CPU
		{2D12925F-D6B0-4806-B1DB-E3A571FD7117}.Debug|Any CPU.Build.0 = Debug|Any CPU
		{2D12925F-D6B0-4806-B1DB-E3A571FD7117}.Debug|Any CPU.Deploy.0 = Debug|Any CPU
		{2D12925F-D6B0-4806-B1DB-E3A571FD7117}.Debug|iPhone.ActiveCfg = Debug|Any CPU
		{2D12925F-D6B0-4806-B1DB-E3A571FD7117}.Debug|iPhone.Build.0 = Debug|Any CPU
		{2D12925F-D6B0-4806-B1DB-E3A571FD7117}.Debug|iPhone.Deploy.0 = Debug|Any CPU
		{2D12925F-D6B0-4806-B1DB-E3A571FD7117}.Debug|iPhoneSimulator.ActiveCfg = Debug|Any CPU
		{2D12925F-D6B0-4806-B1DB-E3A571FD7117}.Debug|iPhoneSimulator.Build.0 = Debug|Any CPU
		{2D12925F-D6B0-4806-B1DB-E3A571FD7117}.Debug|iPhoneSimulator.Deploy.0 = Debug|Any CPU
		{2D12925F-D6B0-4806-B1DB-E3A571FD7117}.Release|Any CPU.ActiveCfg = Release|Any CPU
		{2D12925F-D6B0-4806-B1DB-E3A571FD7117}.Release|Any CPU.Build.0 = Release|Any CPU
		{2D12925F-D6B0-4806-B1DB-E3A571FD7117}.Release|Any CPU.Deploy.0 = Release|Any CPU
		{2D12925F-D6B0-4806-B1DB-E3A571FD7117}.Release|iPhone.ActiveCfg = Release|Any CPU
		{2D12925F-D6B0-4806-B1DB-E3A571FD7117}.Release|iPhone.Build.0 = Release|Any CPU
		{2D12925F-D6B0-4806-B1DB-E3A571FD7117}.Release|iPhone.Deploy.0 = Release|Any CPU
		{2D12925F-D6B0-4806-B1DB-E3A571FD7117}.Release|iPhoneSimulator.ActiveCfg = Release|Any CPU
		{2D12925F-D6B0-4806-B1DB-E3A571FD7117}.Release|iPhoneSimulator.Build.0 = Release|Any CPU
		{2D12925F-D6B0-4806-B1DB-E3A571FD7117}.Release|iPhoneSimulator.Deploy.0 = Release|Any CPU
	EndGlobalSection
	GlobalSection(SolutionProperties) = preSolution
		HideSolutionNode = FALSE
	EndGlobalSection
	GlobalSection(ExtensibilityGlobals) = postSolution
		SolutionGuid = {41B89358-28F5-4597-B9D9-C315C0EC947C}
	EndGlobalSection
EndGlobal
